// !$*UTF8*$!
{
	archiveVersion = 1;
	classes = {
	};
	objectVersion = 56;
	objects = {

/* Begin PBXBuildFile section */
		18B1699A2B926C4400D89B98 /* AppDelegate.swift in Sources */ = {isa = PBXBuildFile; fileRef = 18B169992B926C4400D89B98 /* AppDelegate.swift */; };
		18B1699C2B926C4400D89B98 /* SceneDelegate.swift in Sources */ = {isa = PBXBuildFile; fileRef = 18B1699B2B926C4400D89B98 /* SceneDelegate.swift */; };
		18B1699E2B926C4400D89B98 /* ViewController.swift in Sources */ = {isa = PBXBuildFile; fileRef = 18B1699D2B926C4400D89B98 /* ViewController.swift */; };
		18B169A12B926C4400D89B98 /* Main.storyboard in Resources */ = {isa = PBXBuildFile; fileRef = 18B1699F2B926C4400D89B98 /* Main.storyboard */; };
		18B169A32B926C4600D89B98 /* Assets.xcassets in Resources */ = {isa = PBXBuildFile; fileRef = 18B169A22B926C4600D89B98 /* Assets.xcassets */; };
		18B169A62B926C4600D89B98 /* LaunchScreen.storyboard in Resources */ = {isa = PBXBuildFile; fileRef = 18B169A42B926C4600D89B98 /* LaunchScreen.storyboard */; };
		18B169B12B926C4600D89B98 /* rock_templateTests.swift in Sources */ = {isa = PBXBuildFile; fileRef = 18B169B02B926C4600D89B98 /* rock_templateTests.swift */; };
		18B169BB2B926C4600D89B98 /* rock_templateUITests.swift in Sources */ = {isa = PBXBuildFile; fileRef = 18B169BA2B926C4600D89B98 /* rock_templateUITests.swift */; };
		18B169BD2B926C4600D89B98 /* rock_templateUITestsLaunchTests.swift in Sources */ = {isa = PBXBuildFile; fileRef = 18B169BC2B926C4600D89B98 /* rock_templateUITestsLaunchTests.swift */; };
		57A1F244E9568692BDFA6CED /* Pods_rock_template.framework in Frameworks */ = {isa = PBXBuildFile; fileRef = 3D29FC31488C564ECBD29C1F /* Pods_rock_template.framework */; };
		657C624AE50704514DBA1EBA /* Pods_rock_template_rock_templateUITests.framework in Frameworks */ = {isa = PBXBuildFile; fileRef = 5C9692D731779AD4BFC6F043 /* Pods_rock_template_rock_templateUITests.framework */; };
		8E5DD9C4A3D680182C25D529 /* Pods_rock_templateTests.framework in Frameworks */ = {isa = PBXBuildFile; fileRef = D2A9C24DA865F829E4064033 /* Pods_rock_templateTests.framework */; };
/* End PBXBuildFile section */

/* Begin PBXContainerItemProxy section */
		18B169AD2B926C4600D89B98 /* PBXContainerItemProxy */ = {
			isa = PBXContainerItemProxy;
			containerPortal = 18B1698E2B926C4400D89B98 /* Project object */;
			proxyType = 1;
			remoteGlobalIDString = 18B169952B926C4400D89B98;
			remoteInfo = "rock-template";
		};
		18B169B72B926C4600D89B98 /* PBXContainerItemProxy */ = {
			isa = PBXContainerItemProxy;
			containerPortal = 18B1698E2B926C4400D89B98 /* Project object */;
			proxyType = 1;
			remoteGlobalIDString = 18B169952B926C4400D89B98;
			remoteInfo = "rock-template";
		};
/* End PBXContainerItemProxy section */

/* Begin PBXFileReference section */
		159BAA6117F63889B92DBA97 /* Pods-rock-templateTests.debug.xcconfig */ = {isa = PBXFileReference; includeInIndex = 1; lastKnownFileType = text.xcconfig; name = "Pods-rock-templateTests.debug.xcconfig"; path = "Target Support Files/Pods-rock-templateTests/Pods-rock-templateTests.debug.xcconfig"; sourceTree = "<group>"; };
		18B169962B926C4400D89B98 /* rock-template.app */ = {isa = PBXFileReference; explicitFileType = wrapper.application; includeInIndex = 0; path = "rock-template.app"; sourceTree = BUILT_PRODUCTS_DIR; };
		18B169992B926C4400D89B98 /* AppDelegate.swift */ = {isa = PBXFileReference; lastKnownFileType = sourcecode.swift; path = AppDelegate.swift; sourceTree = "<group>"; };
		18B1699B2B926C4400D89B98 /* SceneDelegate.swift */ = {isa = PBXFileReference; lastKnownFileType = sourcecode.swift; path = SceneDelegate.swift; sourceTree = "<group>"; };
		18B1699D2B926C4400D89B98 /* ViewController.swift */ = {isa = PBXFileReference; lastKnownFileType = sourcecode.swift; path = ViewController.swift; sourceTree = "<group>"; };
		18B169A02B926C4400D89B98 /* Base */ = {isa = PBXFileReference; lastKnownFileType = file.storyboard; name = Base; path = Base.lproj/Main.storyboard; sourceTree = "<group>"; };
		18B169A22B926C4600D89B98 /* Assets.xcassets */ = {isa = PBXFileReference; lastKnownFileType = folder.assetcatalog; path = Assets.xcassets; sourceTree = "<group>"; };
		18B169A52B926C4600D89B98 /* Base */ = {isa = PBXFileReference; lastKnownFileType = file.storyboard; name = Base; path = Base.lproj/LaunchScreen.storyboard; sourceTree = "<group>"; };
		18B169A72B926C4600D89B98 /* Info.plist */ = {isa = PBXFileReference; lastKnownFileType = text.plist.xml; path = Info.plist; sourceTree = "<group>"; };
		18B169AC2B926C4600D89B98 /* rock-templateTests.xctest */ = {isa = PBXFileReference; explicitFileType = wrapper.cfbundle; includeInIndex = 0; path = "rock-templateTests.xctest"; sourceTree = BUILT_PRODUCTS_DIR; };
		18B169B02B926C4600D89B98 /* rock_templateTests.swift */ = {isa = PBXFileReference; lastKnownFileType = sourcecode.swift; path = rock_templateTests.swift; sourceTree = "<group>"; };
		18B169B62B926C4600D89B98 /* rock-templateUITests.xctest */ = {isa = PBXFileReference; explicitFileType = wrapper.cfbundle; includeInIndex = 0; path = "rock-templateUITests.xctest"; sourceTree = BUILT_PRODUCTS_DIR; };
		18B169BA2B926C4600D89B98 /* rock_templateUITests.swift */ = {isa = PBXFileReference; lastKnownFileType = sourcecode.swift; path = rock_templateUITests.swift; sourceTree = "<group>"; };
		18B169BC2B926C4600D89B98 /* rock_templateUITestsLaunchTests.swift */ = {isa = PBXFileReference; lastKnownFileType = sourcecode.swift; path = rock_templateUITestsLaunchTests.swift; sourceTree = "<group>"; };
		3483832E547EF6D416F6C6FE /* Pods-rock-template.debug.xcconfig */ = {isa = PBXFileReference; includeInIndex = 1; lastKnownFileType = text.xcconfig; name = "Pods-rock-template.debug.xcconfig"; path = "Target Support Files/Pods-rock-template/Pods-rock-template.debug.xcconfig"; sourceTree = "<group>"; };
		3D29FC31488C564ECBD29C1F /* Pods_rock_template.framework */ = {isa = PBXFileReference; explicitFileType = wrapper.framework; includeInIndex = 0; path = Pods_rock_template.framework; sourceTree = BUILT_PRODUCTS_DIR; };
		5B9707FAA59A30BA38E78C27 /* Pods-rock-template.release.xcconfig */ = {isa = PBXFileReference; includeInIndex = 1; lastKnownFileType = text.xcconfig; name = "Pods-rock-template.release.xcconfig"; path = "Target Support Files/Pods-rock-template/Pods-rock-template.release.xcconfig"; sourceTree = "<group>"; };
		5C9692D731779AD4BFC6F043 /* Pods_rock_template_rock_templateUITests.framework */ = {isa = PBXFileReference; explicitFileType = wrapper.framework; includeInIndex = 0; path = Pods_rock_template_rock_templateUITests.framework; sourceTree = BUILT_PRODUCTS_DIR; };
		633BAC15C4448CA10DD726A6 /* Pods-rock-templateTests.release.xcconfig */ = {isa = PBXFileReference; includeInIndex = 1; lastKnownFileType = text.xcconfig; name = "Pods-rock-templateTests.release.xcconfig"; path = "Target Support Files/Pods-rock-templateTests/Pods-rock-templateTests.release.xcconfig"; sourceTree = "<group>"; };
		B812F096BE93A65CB6DD3632 /* Pods-rock-template-rock-templateUITests.release.xcconfig */ = {isa = PBXFileReference; includeInIndex = 1; lastKnownFileType = text.xcconfig; name = "Pods-rock-template-rock-templateUITests.release.xcconfig"; path = "Target Support Files/Pods-rock-template-rock-templateUITests/Pods-rock-template-rock-templateUITests.release.xcconfig"; sourceTree = "<group>"; };
		D2A9C24DA865F829E4064033 /* Pods_rock_templateTests.framework */ = {isa = PBXFileReference; explicitFileType = wrapper.framework; includeInIndex = 0; path = Pods_rock_templateTests.framework; sourceTree = BUILT_PRODUCTS_DIR; };
		F21A03360AF2B45CB933EECE /* Pods-rock-template-rock-templateUITests.debug.xcconfig */ = {isa = PBXFileReference; includeInIndex = 1; lastKnownFileType = text.xcconfig; name = "Pods-rock-template-rock-templateUITests.debug.xcconfig"; path = "Target Support Files/Pods-rock-template-rock-templateUITests/Pods-rock-template-rock-templateUITests.debug.xcconfig"; sourceTree = "<group>"; };
/* End PBXFileReference section */

/* Begin PBXFrameworksBuildPhase section */
		18B169932B926C4400D89B98 /* Frameworks */ = {
			isa = PBXFrameworksBuildPhase;
			buildActionMask = 2147483647;
			files = (
				57A1F244E9568692BDFA6CED /* Pods_rock_template.framework in Frameworks */,
			);
			runOnlyForDeploymentPostprocessing = 0;
		};
		18B169A92B926C4600D89B98 /* Frameworks */ = {
			isa = PBXFrameworksBuildPhase;
			buildActionMask = 2147483647;
			files = (
				8E5DD9C4A3D680182C25D529 /* Pods_rock_templateTests.framework in Frameworks */,
			);
			runOnlyForDeploymentPostprocessing = 0;
		};
		18B169B32B926C4600D89B98 /* Frameworks */ = {
			isa = PBXFrameworksBuildPhase;
			buildActionMask = 2147483647;
			files = (
				657C624AE50704514DBA1EBA /* Pods_rock_template_rock_templateUITests.framework in Frameworks */,
			);
			runOnlyForDeploymentPostprocessing = 0;
		};
/* End PBXFrameworksBuildPhase section */

/* Begin PBXGroup section */
		18B1698D2B926C4400D89B98 = {
			isa = PBXGroup;
			children = (
				18B169982B926C4400D89B98 /* rock-template */,
				18B169AF2B926C4600D89B98 /* rock-templateTests */,
				18B169B92B926C4600D89B98 /* rock-templateUITests */,
				18B169972B926C4400D89B98 /* Products */,
				E53AAE0F6B5FF5188197EA4E /* Pods */,
				9DB5EA2D5CDDD971EFCC093A /* Frameworks */,
			);
			sourceTree = "<group>";
		};
		18B169972B926C4400D89B98 /* Products */ = {
			isa = PBXGroup;
			children = (
				18B169962B926C4400D89B98 /* rock-template.app */,
				18B169AC2B926C4600D89B98 /* rock-templateTests.xctest */,
				18B169B62B926C4600D89B98 /* rock-templateUITests.xctest */,
			);
			name = Products;
			sourceTree = "<group>";
		};
		18B169982B926C4400D89B98 /* rock-template */ = {
			isa = PBXGroup;
			children = (
				18B169992B926C4400D89B98 /* AppDelegate.swift */,
				18B1699B2B926C4400D89B98 /* SceneDelegate.swift */,
				18B1699D2B926C4400D89B98 /* ViewController.swift */,
				18B1699F2B926C4400D89B98 /* Main.storyboard */,
				18B169A22B926C4600D89B98 /* Assets.xcassets */,
				18B169A42B926C4600D89B98 /* LaunchScreen.storyboard */,
				18B169A72B926C4600D89B98 /* Info.plist */,
			);
			path = "rock-template";
			sourceTree = "<group>";
		};
		18B169AF2B926C4600D89B98 /* rock-templateTests */ = {
			isa = PBXGroup;
			children = (
				18B169B02B926C4600D89B98 /* rock_templateTests.swift */,
			);
			path = "rock-templateTests";
			sourceTree = "<group>";
		};
		18B169B92B926C4600D89B98 /* rock-templateUITests */ = {
			isa = PBXGroup;
			children = (
				18B169BA2B926C4600D89B98 /* rock_templateUITests.swift */,
				18B169BC2B926C4600D89B98 /* rock_templateUITestsLaunchTests.swift */,
			);
			path = "rock-templateUITests";
			sourceTree = "<group>";
		};
		9DB5EA2D5CDDD971EFCC093A /* Frameworks */ = {
			isa = PBXGroup;
			children = (
				3D29FC31488C564ECBD29C1F /* Pods_rock_template.framework */,
				5C9692D731779AD4BFC6F043 /* Pods_rock_template_rock_templateUITests.framework */,
				D2A9C24DA865F829E4064033 /* Pods_rock_templateTests.framework */,
			);
			name = Frameworks;
			sourceTree = "<group>";
		};
		E53AAE0F6B5FF5188197EA4E /* Pods */ = {
			isa = PBXGroup;
			children = (
				3483832E547EF6D416F6C6FE /* Pods-rock-template.debug.xcconfig */,
				5B9707FAA59A30BA38E78C27 /* Pods-rock-template.release.xcconfig */,
				F21A03360AF2B45CB933EECE /* Pods-rock-template-rock-templateUITests.debug.xcconfig */,
				B812F096BE93A65CB6DD3632 /* Pods-rock-template-rock-templateUITests.release.xcconfig */,
				159BAA6117F63889B92DBA97 /* Pods-rock-templateTests.debug.xcconfig */,
				633BAC15C4448CA10DD726A6 /* Pods-rock-templateTests.release.xcconfig */,
			);
			path = Pods;
			sourceTree = "<group>";
		};
/* End PBXGroup section */

/* Begin PBXNativeTarget section */
		18B169952B926C4400D89B98 /* rock-template */ = {
			isa = PBXNativeTarget;
			buildConfigurationList = 18B169C02B926C4600D89B98 /* Build configuration list for PBXNativeTarget "rock-template" */;
			buildPhases = (
				964765FCF941DF0DAD80FB3D /* [CP] Check Pods Manifest.lock */,
				18B169922B926C4400D89B98 /* Sources */,
				18B169932B926C4400D89B98 /* Frameworks */,
				18B169942B926C4400D89B98 /* Resources */,
				3A238C02687D8F8BAA83ECF9 /* [CP] Embed Pods Frameworks */,
			);
			buildRules = (
			);
			dependencies = (
			);
			name = "rock-template";
			productName = "rock-template";
			productReference = 18B169962B926C4400D89B98 /* rock-template.app */;
			productType = "com.apple.product-type.application";
		};
		18B169AB2B926C4600D89B98 /* rock-templateTests */ = {
			isa = PBXNativeTarget;
			buildConfigurationList = 18B169C32B926C4600D89B98 /* Build configuration list for PBXNativeTarget "rock-templateTests" */;
			buildPhases = (
				4A0863D89A7A8A95D15CED63 /* [CP] Check Pods Manifest.lock */,
				18B169A82B926C4600D89B98 /* Sources */,
				18B169A92B926C4600D89B98 /* Frameworks */,
				18B169AA2B926C4600D89B98 /* Resources */,
			);
			buildRules = (
			);
			dependencies = (
				18B169AE2B926C4600D89B98 /* PBXTargetDependency */,
			);
			name = "rock-templateTests";
			productName = "rock-templateTests";
			productReference = 18B169AC2B926C4600D89B98 /* rock-templateTests.xctest */;
			productType = "com.apple.product-type.bundle.unit-test";
		};
		18B169B52B926C4600D89B98 /* rock-templateUITests */ = {
			isa = PBXNativeTarget;
			buildConfigurationList = 18B169C62B926C4600D89B98 /* Build configuration list for PBXNativeTarget "rock-templateUITests" */;
			buildPhases = (
				19A29E4667B348F9F82B9D0F /* [CP] Check Pods Manifest.lock */,
				18B169B22B926C4600D89B98 /* Sources */,
				18B169B32B926C4600D89B98 /* Frameworks */,
				18B169B42B926C4600D89B98 /* Resources */,
				8D56C7CC636C3E2DAB709106 /* [CP] Embed Pods Frameworks */,
			);
			buildRules = (
			);
			dependencies = (
				18B169B82B926C4600D89B98 /* PBXTargetDependency */,
			);
			name = "rock-templateUITests";
			productName = "rock-templateUITests";
			productReference = 18B169B62B926C4600D89B98 /* rock-templateUITests.xctest */;
			productType = "com.apple.product-type.bundle.ui-testing";
		};
/* End PBXNativeTarget section */

/* Begin PBXProject section */
		18B1698E2B926C4400D89B98 /* Project object */ = {
			isa = PBXProject;
			attributes = {
				BuildIndependentTargetsInParallel = 1;
				LastSwiftUpdateCheck = 1520;
				LastUpgradeCheck = 1520;
				TargetAttributes = {
					18B169952B926C4400D89B98 = {
						CreatedOnToolsVersion = 15.2;
					};
					18B169AB2B926C4600D89B98 = {
						CreatedOnToolsVersion = 15.2;
						TestTargetID = 18B169952B926C4400D89B98;
					};
					18B169B52B926C4600D89B98 = {
						CreatedOnToolsVersion = 15.2;
						TestTargetID = 18B169952B926C4400D89B98;
					};
				};
			};
			buildConfigurationList = 18B169912B926C4400D89B98 /* Build configuration list for PBXProject "rock-template" */;
			compatibilityVersion = "Xcode 14.0";
			developmentRegion = en;
			hasScannedForEncodings = 0;
			knownRegions = (
				en,
				Base,
			);
			mainGroup = 18B1698D2B926C4400D89B98;
			productRefGroup = 18B169972B926C4400D89B98 /* Products */;
			projectDirPath = "";
			projectRoot = "";
			targets = (
				18B169952B926C4400D89B98 /* rock-template */,
				18B169AB2B926C4600D89B98 /* rock-templateTests */,
				18B169B52B926C4600D89B98 /* rock-templateUITests */,
			);
		};
/* End PBXProject section */

/* Begin PBXResourcesBuildPhase section */
		18B169942B926C4400D89B98 /* Resources */ = {
			isa = PBXResourcesBuildPhase;
			buildActionMask = 2147483647;
			files = (
				18B169A62B926C4600D89B98 /* LaunchScreen.storyboard in Resources */,
				18B169A32B926C4600D89B98 /* Assets.xcassets in Resources */,
				18B169A12B926C4400D89B98 /* Main.storyboard in Resources */,
			);
			runOnlyForDeploymentPostprocessing = 0;
		};
		18B169AA2B926C4600D89B98 /* Resources */ = {
			isa = PBXResourcesBuildPhase;
			buildActionMask = 2147483647;
			files = (
			);
			runOnlyForDeploymentPostprocessing = 0;
		};
		18B169B42B926C4600D89B98 /* Resources */ = {
			isa = PBXResourcesBuildPhase;
			buildActionMask = 2147483647;
			files = (
			);
			runOnlyForDeploymentPostprocessing = 0;
		};
/* End PBXResourcesBuildPhase section */

/* Begin PBXShellScriptBuildPhase section */
		19A29E4667B348F9F82B9D0F /* [CP] Check Pods Manifest.lock */ = {
			isa = PBXShellScriptBuildPhase;
			buildActionMask = 2147483647;
			files = (
			);
			inputFileListPaths = (
			);
			inputPaths = (
				"${PODS_PODFILE_DIR_PATH}/Podfile.lock",
				"${PODS_ROOT}/Manifest.lock",
			);
			name = "[CP] Check Pods Manifest.lock";
			outputFileListPaths = (
			);
			outputPaths = (
				"$(DERIVED_FILE_DIR)/Pods-rock-template-rock-templateUITests-checkManifestLockResult.txt",
			);
			runOnlyForDeploymentPostprocessing = 0;
			shellPath = /bin/sh;
			shellScript = "diff \"${PODS_PODFILE_DIR_PATH}/Podfile.lock\" \"${PODS_ROOT}/Manifest.lock\" > /dev/null\nif [ $? != 0 ] ; then\n    # print error to STDERR\n    echo \"error: The sandbox is not in sync with the Podfile.lock. Run 'pod install' or update your CocoaPods installation.\" >&2\n    exit 1\nfi\n# This output is used by Xcode 'outputs' to avoid re-running this script phase.\necho \"SUCCESS\" > \"${SCRIPT_OUTPUT_FILE_0}\"\n";
			showEnvVarsInLog = 0;
		};
		3A238C02687D8F8BAA83ECF9 /* [CP] Embed Pods Frameworks */ = {
			isa = PBXShellScriptBuildPhase;
			buildActionMask = 2147483647;
			files = (
			);
			inputFileListPaths = (
				"${PODS_ROOT}/Target Support Files/Pods-rock-template/Pods-rock-template-frameworks-${CONFIGURATION}-input-files.xcfilelist",
			);
			name = "[CP] Embed Pods Frameworks";
			outputFileListPaths = (
				"${PODS_ROOT}/Target Support Files/Pods-rock-template/Pods-rock-template-frameworks-${CONFIGURATION}-output-files.xcfilelist",
			);
			runOnlyForDeploymentPostprocessing = 0;
			shellPath = /bin/sh;
			shellScript = "\"${PODS_ROOT}/Target Support Files/Pods-rock-template/Pods-rock-template-frameworks.sh\"\n";
			showEnvVarsInLog = 0;
		};
		4A0863D89A7A8A95D15CED63 /* [CP] Check Pods Manifest.lock */ = {
			isa = PBXShellScriptBuildPhase;
			buildActionMask = 2147483647;
			files = (
			);
			inputFileListPaths = (
			);
			inputPaths = (
				"${PODS_PODFILE_DIR_PATH}/Podfile.lock",
				"${PODS_ROOT}/Manifest.lock",
			);
			name = "[CP] Check Pods Manifest.lock";
			outputFileListPaths = (
			);
			outputPaths = (
				"$(DERIVED_FILE_DIR)/Pods-rock-templateTests-checkManifestLockResult.txt",
			);
			runOnlyForDeploymentPostprocessing = 0;
			shellPath = /bin/sh;
			shellScript = "diff \"${PODS_PODFILE_DIR_PATH}/Podfile.lock\" \"${PODS_ROOT}/Manifest.lock\" > /dev/null\nif [ $? != 0 ] ; then\n    # print error to STDERR\n    echo \"error: The sandbox is not in sync with the Podfile.lock. Run 'pod install' or update your CocoaPods installation.\" >&2\n    exit 1\nfi\n# This output is used by Xcode 'outputs' to avoid re-running this script phase.\necho \"SUCCESS\" > \"${SCRIPT_OUTPUT_FILE_0}\"\n";
			showEnvVarsInLog = 0;
		};
		8D56C7CC636C3E2DAB709106 /* [CP] Embed Pods Frameworks */ = {
			isa = PBXShellScriptBuildPhase;
			buildActionMask = 2147483647;
			files = (
			);
			inputFileListPaths = (
				"${PODS_ROOT}/Target Support Files/Pods-rock-template-rock-templateUITests/Pods-rock-template-rock-templateUITests-frameworks-${CONFIGURATION}-input-files.xcfilelist",
			);
			name = "[CP] Embed Pods Frameworks";
			outputFileListPaths = (
				"${PODS_ROOT}/Target Support Files/Pods-rock-template-rock-templateUITests/Pods-rock-template-rock-templateUITests-frameworks-${CONFIGURATION}-output-files.xcfilelist",
			);
			runOnlyForDeploymentPostprocessing = 0;
			shellPath = /bin/sh;
			shellScript = "\"${PODS_ROOT}/Target Support Files/Pods-rock-template-rock-templateUITests/Pods-rock-template-rock-templateUITests-frameworks.sh\"\n";
			showEnvVarsInLog = 0;
		};
		964765FCF941DF0DAD80FB3D /* [CP] Check Pods Manifest.lock */ = {
			isa = PBXShellScriptBuildPhase;
			buildActionMask = 2147483647;
			files = (
			);
			inputFileListPaths = (
			);
			inputPaths = (
				"${PODS_PODFILE_DIR_PATH}/Podfile.lock",
				"${PODS_ROOT}/Manifest.lock",
			);
			name = "[CP] Check Pods Manifest.lock";
			outputFileListPaths = (
			);
			outputPaths = (
				"$(DERIVED_FILE_DIR)/Pods-rock-template-checkManifestLockResult.txt",
			);
			runOnlyForDeploymentPostprocessing = 0;
			shellPath = /bin/sh;
			shellScript = "diff \"${PODS_PODFILE_DIR_PATH}/Podfile.lock\" \"${PODS_ROOT}/Manifest.lock\" > /dev/null\nif [ $? != 0 ] ; then\n    # print error to STDERR\n    echo \"error: The sandbox is not in sync with the Podfile.lock. Run 'pod install' or update your CocoaPods installation.\" >&2\n    exit 1\nfi\n# This output is used by Xcode 'outputs' to avoid re-running this script phase.\necho \"SUCCESS\" > \"${SCRIPT_OUTPUT_FILE_0}\"\n";
			showEnvVarsInLog = 0;
		};
/* End PBXShellScriptBuildPhase section */

/* Begin PBXSourcesBuildPhase section */
		18B169922B926C4400D89B98 /* Sources */ = {
			isa = PBXSourcesBuildPhase;
			buildActionMask = 2147483647;
			files = (
				18B1699E2B926C4400D89B98 /* ViewController.swift in Sources */,
				18B1699A2B926C4400D89B98 /* AppDelegate.swift in Sources */,
				18B1699C2B926C4400D89B98 /* SceneDelegate.swift in Sources */,
			);
			runOnlyForDeploymentPostprocessing = 0;
		};
		18B169A82B926C4600D89B98 /* Sources */ = {
			isa = PBXSourcesBuildPhase;
			buildActionMask = 2147483647;
			files = (
				18B169B12B926C4600D89B98 /* rock_templateTests.swift in Sources */,
			);
			runOnlyForDeploymentPostprocessing = 0;
		};
		18B169B22B926C4600D89B98 /* Sources */ = {
			isa = PBXSourcesBuildPhase;
			buildActionMask = 2147483647;
			files = (
				18B169BB2B926C4600D89B98 /* rock_templateUITests.swift in Sources */,
				18B169BD2B926C4600D89B98 /* rock_templateUITestsLaunchTests.swift in Sources */,
			);
			runOnlyForDeploymentPostprocessing = 0;
		};
/* End PBXSourcesBuildPhase section */

/* Begin PBXTargetDependency section */
		18B169AE2B926C4600D89B98 /* PBXTargetDependency */ = {
			isa = PBXTargetDependency;
			target = 18B169952B926C4400D89B98 /* rock-template */;
			targetProxy = 18B169AD2B926C4600D89B98 /* PBXContainerItemProxy */;
		};
		18B169B82B926C4600D89B98 /* PBXTargetDependency */ = {
			isa = PBXTargetDependency;
			target = 18B169952B926C4400D89B98 /* rock-template */;
			targetProxy = 18B169B72B926C4600D89B98 /* PBXContainerItemProxy */;
		};
/* End PBXTargetDependency section */

/* Begin PBXVariantGroup section */
		18B1699F2B926C4400D89B98 /* Main.storyboard */ = {
			isa = PBXVariantGroup;
			children = (
				18B169A02B926C4400D89B98 /* Base */,
			);
			name = Main.storyboard;
			sourceTree = "<group>";
		};
		18B169A42B926C4600D89B98 /* LaunchScreen.storyboard */ = {
			isa = PBXVariantGroup;
			children = (
				18B169A52B926C4600D89B98 /* Base */,
			);
			name = LaunchScreen.storyboard;
			sourceTree = "<group>";
		};
/* End PBXVariantGroup section */

/* Begin XCBuildConfiguration section */
		18B169BE2B926C4600D89B98 /* Debug */ = {
			isa = XCBuildConfiguration;
			buildSettings = {
				ALWAYS_SEARCH_USER_PATHS = NO;
				ASSETCATALOG_COMPILER_GENERATE_SWIFT_ASSET_SYMBOL_EXTENSIONS = YES;
				CLANG_ANALYZER_NONNULL = YES;
				CLANG_ANALYZER_NUMBER_OBJECT_CONVERSION = YES_AGGRESSIVE;
				CLANG_CXX_LANGUAGE_STANDARD = "gnu++20";
				CLANG_ENABLE_MODULES = YES;
				CLANG_ENABLE_OBJC_ARC = YES;
				CLANG_ENABLE_OBJC_WEAK = YES;
				CLANG_WARN_BLOCK_CAPTURE_AUTORELEASING = YES;
				CLANG_WARN_BOOL_CONVERSION = YES;
				CLANG_WARN_COMMA = YES;
				CLANG_WARN_CONSTANT_CONVERSION = YES;
				CLANG_WARN_DEPRECATED_OBJC_IMPLEMENTATIONS = YES;
				CLANG_WARN_DIRECT_OBJC_ISA_USAGE = YES_ERROR;
				CLANG_WARN_DOCUMENTATION_COMMENTS = YES;
				CLANG_WARN_EMPTY_BODY = YES;
				CLANG_WARN_ENUM_CONVERSION = YES;
				CLANG_WARN_INFINITE_RECURSION = YES;
				CLANG_WARN_INT_CONVERSION = YES;
				CLANG_WARN_NON_LITERAL_NULL_CONVERSION = YES;
				CLANG_WARN_OBJC_IMPLICIT_RETAIN_SELF = YES;
				CLANG_WARN_OBJC_LITERAL_CONVERSION = YES;
				CLANG_WARN_OBJC_ROOT_CLASS = YES_ERROR;
				CLANG_WARN_QUOTED_INCLUDE_IN_FRAMEWORK_HEADER = YES;
				CLANG_WARN_RANGE_LOOP_ANALYSIS = YES;
				CLANG_WARN_STRICT_PROTOTYPES = YES;
				CLANG_WARN_SUSPICIOUS_MOVE = YES;
				CLANG_WARN_UNGUARDED_AVAILABILITY = YES_AGGRESSIVE;
				CLANG_WARN_UNREACHABLE_CODE = YES;
				CLANG_WARN__DUPLICATE_METHOD_MATCH = YES;
				COPY_PHASE_STRIP = NO;
				DEBUG_INFORMATION_FORMAT = dwarf;
				ENABLE_STRICT_OBJC_MSGSEND = YES;
				ENABLE_TESTABILITY = YES;
				ENABLE_USER_SCRIPT_SANDBOXING = YES;
				GCC_C_LANGUAGE_STANDARD = gnu17;
				GCC_DYNAMIC_NO_PIC = NO;
				GCC_NO_COMMON_BLOCKS = YES;
				GCC_OPTIMIZATION_LEVEL = 0;
				GCC_PREPROCESSOR_DEFINITIONS = (
					"DEBUG=1",
					"$(inherited)",
				);
				GCC_WARN_64_TO_32_BIT_CONVERSION = YES;
				GCC_WARN_ABOUT_RETURN_TYPE = YES_ERROR;
				GCC_WARN_UNDECLARED_SELECTOR = YES;
				GCC_WARN_UNINITIALIZED_AUTOS = YES_AGGRESSIVE;
				GCC_WARN_UNUSED_FUNCTION = YES;
				GCC_WARN_UNUSED_VARIABLE = YES;
				IPHONEOS_DEPLOYMENT_TARGET = 17.2;
				LOCALIZATION_PREFERS_STRING_CATALOGS = YES;
				MTL_ENABLE_DEBUG_INFO = INCLUDE_SOURCE;
				MTL_FAST_MATH = YES;
				ONLY_ACTIVE_ARCH = YES;
				SDKROOT = iphoneos;
				SWIFT_ACTIVE_COMPILATION_CONDITIONS = "DEBUG $(inherited)";
				SWIFT_OPTIMIZATION_LEVEL = "-Onone";
			};
			name = Debug;
		};
		18B169BF2B926C4600D89B98 /* Release */ = {
			isa = XCBuildConfiguration;
			buildSettings = {
				ALWAYS_SEARCH_USER_PATHS = NO;
				ASSETCATALOG_COMPILER_GENERATE_SWIFT_ASSET_SYMBOL_EXTENSIONS = YES;
				CLANG_ANALYZER_NONNULL = YES;
				CLANG_ANALYZER_NUMBER_OBJECT_CONVERSION = YES_AGGRESSIVE;
				CLANG_CXX_LANGUAGE_STANDARD = "gnu++20";
				CLANG_ENABLE_MODULES = YES;
				CLANG_ENABLE_OBJC_ARC = YES;
				CLANG_ENABLE_OBJC_WEAK = YES;
				CLANG_WARN_BLOCK_CAPTURE_AUTORELEASING = YES;
				CLANG_WARN_BOOL_CONVERSION = YES;
				CLANG_WARN_COMMA = YES;
				CLANG_WARN_CONSTANT_CONVERSION = YES;
				CLANG_WARN_DEPRECATED_OBJC_IMPLEMENTATIONS = YES;
				CLANG_WARN_DIRECT_OBJC_ISA_USAGE = YES_ERROR;
				CLANG_WARN_DOCUMENTATION_COMMENTS = YES;
				CLANG_WARN_EMPTY_BODY = YES;
				CLANG_WARN_ENUM_CONVERSION = YES;
				CLANG_WARN_INFINITE_RECURSION = YES;
				CLANG_WARN_INT_CONVERSION = YES;
				CLANG_WARN_NON_LITERAL_NULL_CONVERSION = YES;
				CLANG_WARN_OBJC_IMPLICIT_RETAIN_SELF = YES;
				CLANG_WARN_OBJC_LITERAL_CONVERSION = YES;
				CLANG_WARN_OBJC_ROOT_CLASS = YES_ERROR;
				CLANG_WARN_QUOTED_INCLUDE_IN_FRAMEWORK_HEADER = YES;
				CLANG_WARN_RANGE_LOOP_ANALYSIS = YES;
				CLANG_WARN_STRICT_PROTOTYPES = YES;
				CLANG_WARN_SUSPICIOUS_MOVE = YES;
				CLANG_WARN_UNGUARDED_AVAILABILITY = YES_AGGRESSIVE;
				CLANG_WARN_UNREACHABLE_CODE = YES;
				CLANG_WARN__DUPLICATE_METHOD_MATCH = YES;
				COPY_PHASE_STRIP = NO;
				DEBUG_INFORMATION_FORMAT = "dwarf-with-dsym";
				ENABLE_NS_ASSERTIONS = NO;
				ENABLE_STRICT_OBJC_MSGSEND = YES;
				ENABLE_USER_SCRIPT_SANDBOXING = YES;
				GCC_C_LANGUAGE_STANDARD = gnu17;
				GCC_NO_COMMON_BLOCKS = YES;
				GCC_WARN_64_TO_32_BIT_CONVERSION = YES;
				GCC_WARN_ABOUT_RETURN_TYPE = YES_ERROR;
				GCC_WARN_UNDECLARED_SELECTOR = YES;
				GCC_WARN_UNINITIALIZED_AUTOS = YES_AGGRESSIVE;
				GCC_WARN_UNUSED_FUNCTION = YES;
				GCC_WARN_UNUSED_VARIABLE = YES;
				IPHONEOS_DEPLOYMENT_TARGET = 17.2;
				LOCALIZATION_PREFERS_STRING_CATALOGS = YES;
				MTL_ENABLE_DEBUG_INFO = NO;
				MTL_FAST_MATH = YES;
				SDKROOT = iphoneos;
				SWIFT_COMPILATION_MODE = wholemodule;
				VALIDATE_PRODUCT = YES;
			};
			name = Release;
		};
		18B169C12B926C4600D89B98 /* Debug */ = {
			isa = XCBuildConfiguration;
			baseConfigurationReference = 3483832E547EF6D416F6C6FE /* Pods-rock-template.debug.xcconfig */;
			buildSettings = {
				ASSETCATALOG_COMPILER_APPICON_NAME = AppIcon;
				ASSETCATALOG_COMPILER_GLOBAL_ACCENT_COLOR_NAME = AccentColor;
				CODE_SIGN_STYLE = Automatic;
				CURRENT_PROJECT_VERSION = 1;
				DEVELOPMENT_TEAM = EF4N5K3F2Q;
				ENABLE_USER_SCRIPT_SANDBOXING = NO;
				GENERATE_INFOPLIST_FILE = YES;
				INFOPLIST_FILE = "rock-template/Info.plist";
				INFOPLIST_KEY_UIApplicationSupportsIndirectInputEvents = YES;
				INFOPLIST_KEY_UILaunchStoryboardName = LaunchScreen;
				INFOPLIST_KEY_UIMainStoryboardFile = Main;
				INFOPLIST_KEY_UISupportedInterfaceOrientations_iPad = "UIInterfaceOrientationPortrait UIInterfaceOrientationPortraitUpsideDown UIInterfaceOrientationLandscapeLeft UIInterfaceOrientationLandscapeRight";
				INFOPLIST_KEY_UISupportedInterfaceOrientations_iPhone = "UIInterfaceOrientationPortrait UIInterfaceOrientationLandscapeLeft UIInterfaceOrientationLandscapeRight";
				LD_RUNPATH_SEARCH_PATHS = (
					"$(inherited)",
					"@executable_path/Frameworks",
				);
				MARKETING_VERSION = 1.0;
				PRODUCT_BUNDLE_IDENTIFIER = "com.lightningkite.rock.template.rock-template";
				PRODUCT_NAME = "$(TARGET_NAME)";
				SWIFT_EMIT_LOC_STRINGS = YES;
				SWIFT_VERSION = 5.0;
				TARGETED_DEVICE_FAMILY = "1,2";
			};
			name = Debug;
		};
		18B169C22B926C4600D89B98 /* Release */ = {
			isa = XCBuildConfiguration;
			baseConfigurationReference = 5B9707FAA59A30BA38E78C27 /* Pods-rock-template.release.xcconfig */;
			buildSettings = {
				ASSETCATALOG_COMPILER_APPICON_NAME = AppIcon;
				ASSETCATALOG_COMPILER_GLOBAL_ACCENT_COLOR_NAME = AccentColor;
				CODE_SIGN_STYLE = Automatic;
				CURRENT_PROJECT_VERSION = 1;
				DEVELOPMENT_TEAM = EF4N5K3F2Q;
				ENABLE_USER_SCRIPT_SANDBOXING = NO;
				GENERATE_INFOPLIST_FILE = YES;
				INFOPLIST_FILE = "rock-template/Info.plist";
				INFOPLIST_KEY_UIApplicationSupportsIndirectInputEvents = YES;
				INFOPLIST_KEY_UILaunchStoryboardName = LaunchScreen;
				INFOPLIST_KEY_UIMainStoryboardFile = Main;
				INFOPLIST_KEY_UISupportedInterfaceOrientations_iPad = "UIInterfaceOrientationPortrait UIInterfaceOrientationPortraitUpsideDown UIInterfaceOrientationLandscapeLeft UIInterfaceOrientationLandscapeRight";
				INFOPLIST_KEY_UISupportedInterfaceOrientations_iPhone = "UIInterfaceOrientationPortrait UIInterfaceOrientationLandscapeLeft UIInterfaceOrientationLandscapeRight";
				LD_RUNPATH_SEARCH_PATHS = (
					"$(inherited)",
					"@executable_path/Frameworks",
				);
				MARKETING_VERSION = 1.0;
				PRODUCT_BUNDLE_IDENTIFIER = "com.lightningkite.rock.template.rock-template";
				PRODUCT_NAME = "$(TARGET_NAME)";
				SWIFT_EMIT_LOC_STRINGS = YES;
				SWIFT_VERSION = 5.0;
				TARGETED_DEVICE_FAMILY = "1,2";
			};
			name = Release;
		};
		18B169C42B926C4600D89B98 /* Debug */ = {
			isa = XCBuildConfiguration;
			baseConfigurationReference = 159BAA6117F63889B92DBA97 /* Pods-rock-templateTests.debug.xcconfig */;
			buildSettings = {
				ALWAYS_EMBED_SWIFT_STANDARD_LIBRARIES = YES;
				BUNDLE_LOADER = "$(TEST_HOST)";
				CODE_SIGN_STYLE = Automatic;
				CURRENT_PROJECT_VERSION = 1;
				DEVELOPMENT_TEAM = EF4N5K3F2Q;
				GENERATE_INFOPLIST_FILE = YES;
				IPHONEOS_DEPLOYMENT_TARGET = 17.2;
				MARKETING_VERSION = 1.0;
				PRODUCT_BUNDLE_IDENTIFIER = "com.lightningkite.rock.template.rock-templateTests";
				PRODUCT_NAME = "$(TARGET_NAME)";
				SWIFT_EMIT_LOC_STRINGS = NO;
				SWIFT_VERSION = 5.0;
				TARGETED_DEVICE_FAMILY = "1,2";
				TEST_HOST = "$(BUILT_PRODUCTS_DIR)/rock-template.app/$(BUNDLE_EXECUTABLE_FOLDER_PATH)/rock-template";
			};
			name = Debug;
		};
		18B169C52B926C4600D89B98 /* Release */ = {
			isa = XCBuildConfiguration;
			baseConfigurationReference = 633BAC15C4448CA10DD726A6 /* Pods-rock-templateTests.release.xcconfig */;
			buildSettings = {
				ALWAYS_EMBED_SWIFT_STANDARD_LIBRARIES = YES;
				BUNDLE_LOADER = "$(TEST_HOST)";
				CODE_SIGN_STYLE = Automatic;
				CURRENT_PROJECT_VERSION = 1;
				DEVELOPMENT_TEAM = EF4N5K3F2Q;
				GENERATE_INFOPLIST_FILE = YES;
				IPHONEOS_DEPLOYMENT_TARGET = 17.2;
				MARKETING_VERSION = 1.0;
				PRODUCT_BUNDLE_IDENTIFIER = "com.lightningkite.rock.template.rock-templateTests";
				PRODUCT_NAME = "$(TARGET_NAME)";
				SWIFT_EMIT_LOC_STRINGS = NO;
				SWIFT_VERSION = 5.0;
				TARGETED_DEVICE_FAMILY = "1,2";
				TEST_HOST = "$(BUILT_PRODUCTS_DIR)/rock-template.app/$(BUNDLE_EXECUTABLE_FOLDER_PATH)/rock-template";
			};
			name = Release;
		};
		18B169C72B926C4600D89B98 /* Debug */ = {
			isa = XCBuildConfiguration;
			baseConfigurationReference = F21A03360AF2B45CB933EECE /* Pods-rock-template-rock-templateUITests.debug.xcconfig */;
			buildSettings = {
				ALWAYS_EMBED_SWIFT_STANDARD_LIBRARIES = YES;
				CODE_SIGN_STYLE = Automatic;
				CURRENT_PROJECT_VERSION = 1;
				DEVELOPMENT_TEAM = EF4N5K3F2Q;
				GENERATE_INFOPLIST_FILE = YES;
				MARKETING_VERSION = 1.0;
				PRODUCT_BUNDLE_IDENTIFIER = "com.lightningkite.rock.template.rock-templateUITests";
				PRODUCT_NAME = "$(TARGET_NAME)";
				SWIFT_EMIT_LOC_STRINGS = NO;
				SWIFT_VERSION = 5.0;
				TARGETED_DEVICE_FAMILY = "1,2";
				TEST_TARGET_NAME = "rock-template";
			};
			name = Debug;
		};
		18B169C82B926C4600D89B98 /* Release */ = {
			isa = XCBuildConfiguration;
			baseConfigurationReference = B812F096BE93A65CB6DD3632 /* Pods-rock-template-rock-templateUITests.release.xcconfig */;
			buildSettings = {
				ALWAYS_EMBED_SWIFT_STANDARD_LIBRARIES = YES;
				CODE_SIGN_STYLE = Automatic;
				CURRENT_PROJECT_VERSION = 1;
				DEVELOPMENT_TEAM = EF4N5K3F2Q;
				GENERATE_INFOPLIST_FILE = YES;
				MARKETING_VERSION = 1.0;
				PRODUCT_BUNDLE_IDENTIFIER = "com.lightningkite.rock.template.rock-templateUITests";
				PRODUCT_NAME = "$(TARGET_NAME)";
				SWIFT_EMIT_LOC_STRINGS = NO;
				SWIFT_VERSION = 5.0;
				TARGETED_DEVICE_FAMILY = "1,2";
				TEST_TARGET_NAME = "rock-template";
			};
			name = Release;
		};
/* End XCBuildConfiguration section */

/* Begin XCConfigurationList section */
		18B169912B926C4400D89B98 /* Build configuration list for PBXProject "rock-template" */ = {
			isa = XCConfigurationList;
			buildConfigurations = (
				18B169BE2B926C4600D89B98 /* Debug */,
				18B169BF2B926C4600D89B98 /* Release */,
			);
			defaultConfigurationIsVisible = 0;
			defaultConfigurationName = Release;
		};
		18B169C02B926C4600D89B98 /* Build configuration list for PBXNativeTarget "rock-template" */ = {
			isa = XCConfigurationList;
			buildConfigurations = (
				18B169C12B926C4600D89B98 /* Debug */,
				18B169C22B926C4600D89B98 /* Release */,
			);
			defaultConfigurationIsVisible = 0;
			defaultConfigurationName = Release;
		};
		18B169C32B926C4600D89B98 /* Build configuration list for PBXNativeTarget "rock-templateTests" */ = {
			isa = XCConfigurationList;
			buildConfigurations = (
				18B169C42B926C4600D89B98 /* Debug */,
				18B169C52B926C4600D89B98 /* Release */,
			);
			defaultConfigurationIsVisible = 0;
			defaultConfigurationName = Release;
		};
		18B169C62B926C4600D89B98 /* Build configuration list for PBXNativeTarget "rock-templateUITests" */ = {
			isa = XCConfigurationList;
			buildConfigurations = (
				18B169C72B926C4600D89B98 /* Debug */,
				18B169C82B926C4600D89B98 /* Release */,
			);
			defaultConfigurationIsVisible = 0;
			defaultConfigurationName = Release;
		};
/* End XCConfigurationList section */
	};
	rootObject = 18B1698E2B926C4400D89B98 /* Project object */;
}
